// !$*UTF8*$!
{
	archiveVersion = 1;
	classes = {
	};
	objectVersion = 56;
	objects = {

/* Begin PBXBuildFile section */
		02B037766766C6DED1BA1735 /* com.leizikang.claude-connection-watcher.filter.systemextension in Embed Filter */ = {isa = PBXBuildFile; fileRef = 09C2A2982D80675CCEAB18FD /* com.leizikang.claude-connection-watcher.filter.systemextension */; };
		0C8CC7BD53FE0DC985FA0206 /* LocalSurgeAuditor.swift in Sources */ = {isa = PBXBuildFile; fileRef = 72C358936A0DFB1D90308632 /* LocalSurgeAuditor.swift */; };
		101F83E89899977A3D6CB9D6 /* InfoPlist.strings in Resources */ = {isa = PBXBuildFile; fileRef = 56D304A5CC7328DACEDC8DB5 /* InfoPlist.strings */; };
		127B53D3360F872DD9E4AED0 /* Localization.swift in Sources */ = {isa = PBXBuildFile; fileRef = 11AF7625E4B578F461C9A772 /* Localization.swift */; };
		13BFCF4A77A0B2A2CB4D7689 /* Watcher.icns in Resources */ = {isa = PBXBuildFile; fileRef = 1FA9FF446A2B3F0FB8F4C132 /* Watcher.icns */; };
		17D86A8EE8439A9E5E02C7E4 /* ProbeModel.swift in Sources */ = {isa = PBXBuildFile; fileRef = 9A1C1CA92262C10D0F05D97E /* ProbeModel.swift */; };
		1F5D77DA2DDBEBBB32234B48 /* PolicyEvidence.swift in Sources */ = {isa = PBXBuildFile; fileRef = 3735A7F817E7484BAE92A9C9 /* PolicyEvidence.swift */; };
		31348B994F0C2D066BA48F96 /* GuardTests.swift in Sources */ = {isa = PBXBuildFile; fileRef = 16DDDC6F8B190FE7DE9F5450 /* GuardTests.swift */; };
		31C3E99EEBB144B7CBA78350 /* ProbeModel.swift in Sources */ = {isa = PBXBuildFile; fileRef = 9A1C1CA92262C10D0F05D97E /* ProbeModel.swift */; };
		3C53B592B46CEA67EE28E111 /* PolicyEvidence.swift in Sources */ = {isa = PBXBuildFile; fileRef = 3735A7F817E7484BAE92A9C9 /* PolicyEvidence.swift */; };
		3C5590504670AC69BED80A8A /* main.swift in Sources */ = {isa = PBXBuildFile; fileRef = 174FBB6D931783E323A6D75B /* main.swift */; };
		431BF3E91E6AE59828D6F1F9 /* GuardProbe.swift in Sources */ = {isa = PBXBuildFile; fileRef = 48DEBC5E8FDDDF5AFBDAE726 /* GuardProbe.swift */; };
		45618B01E2545228A81BB656 /* main.swift in Sources */ = {isa = PBXBuildFile; fileRef = 2E56B57FC1DBA7272CAC9E78 /* main.swift */; };
		4BA337E4B280B498B2111F02 /* FilterProtocol.swift in Sources */ = {isa = PBXBuildFile; fileRef = 91DD48A342B9002D1BD39436 /* FilterProtocol.swift */; };
		4F469B8C3E2A303101C25329 /* UserGuide.html in Resources */ = {isa = PBXBuildFile; fileRef = C16AEB28B181A5969B6A473B /* UserGuide.html */; };
		57209DAA3D868B3B33AE9847 /* UserGuide.en.html in Resources */ = {isa = PBXBuildFile; fileRef = 32A8B885E97E29217D100BEA /* UserGuide.en.html */; };
		59F813DF2C7CD89EF84D1E43 /* ProcessInventory.swift in Sources */ = {isa = PBXBuildFile; fileRef = BD41FCAFEE396EFE6CF63C3C /* ProcessInventory.swift */; };
		5DA48EC240C18E723172F9CA /* main.swift in Sources */ = {isa = PBXBuildFile; fileRef = 2E56B57FC1DBA7272CAC9E78 /* main.swift */; };
		5E733438DE97889D4B0ABFE8 /* ProcessAncestry.swift in Sources */ = {isa = PBXBuildFile; fileRef = 90B1D51116CC3AF14C861F8D /* ProcessAncestry.swift */; };
		5F3DBBB360FE042D0B663D18 /* ProcessIdentity.swift in Sources */ = {isa = PBXBuildFile; fileRef = 2757B4990068BF4A1E52D35F /* ProcessIdentity.swift */; };
		64634DF7094E4A2EE335E5C3 /* ProcessIdentity.swift in Sources */ = {isa = PBXBuildFile; fileRef = 2757B4990068BF4A1E52D35F /* ProcessIdentity.swift */; };
		6587D8BCA2641750C8729129 /* Watcher.icns in Resources */ = {isa = PBXBuildFile; fileRef = 1FA9FF446A2B3F0FB8F4C132 /* Watcher.icns */; };
		661E5258B7FC3A0417BEF9F9 /* FilterProtocol.swift in Sources */ = {isa = PBXBuildFile; fileRef = 91DD48A342B9002D1BD39436 /* FilterProtocol.swift */; };
		67D923B459D7F6099078C1AC /* RuntimeIdentity.swift in Sources */ = {isa = PBXBuildFile; fileRef = 8731C79D305C8FC05705A446 /* RuntimeIdentity.swift */; };
		6CAF7C8E317733F787C93316 /* ProcessIdentity.swift in Sources */ = {isa = PBXBuildFile; fileRef = 2757B4990068BF4A1E52D35F /* ProcessIdentity.swift */; };
		6E9D889640D71577309F44C0 /* ProcessAncestry.swift in Sources */ = {isa = PBXBuildFile; fileRef = 90B1D51116CC3AF14C861F8D /* ProcessAncestry.swift */; };
		70376A218C52C6EC7B7C6B8F /* GuardianTimer.swift in Sources */ = {isa = PBXBuildFile; fileRef = 731E26C87839D6F52BEA34F0 /* GuardianTimer.swift */; };
		771770482261BF7B3F8B43D1 /* InfoPlist.strings in Resources */ = {isa = PBXBuildFile; fileRef = 56D304A5CC7328DACEDC8DB5 /* InfoPlist.strings */; };
		86366282910C1F3D546DBA56 /* InfoPlist.strings in Resources */ = {isa = PBXBuildFile; fileRef = 56D304A5CC7328DACEDC8DB5 /* InfoPlist.strings */; };
		87692D0BFDB104880158065F /* RouteRequirements.swift in Sources */ = {isa = PBXBuildFile; fileRef = 7A20208A7A5656DF082C6749 /* RouteRequirements.swift */; };
		89719D36998C63469266C918 /* GuardianTimer.swift in Sources */ = {isa = PBXBuildFile; fileRef = 731E26C87839D6F52BEA34F0 /* GuardianTimer.swift */; };
		8AC27DD156F887553F69F5B8 /* RouteRequirements.swift in Sources */ = {isa = PBXBuildFile; fileRef = 7A20208A7A5656DF082C6749 /* RouteRequirements.swift */; };
		8C6BB0E6ED936B744CF20978 /* AuditToken.c in Sources */ = {isa = PBXBuildFile; fileRef = FD8B5EF49BDB58C7A21A309F /* AuditToken.c */; };
		9105F1E029E6B37E36CDEF3C /* Localization.swift in Sources */ = {isa = PBXBuildFile; fileRef = 11AF7625E4B578F461C9A772 /* Localization.swift */; };
		9D1B915B354C950247231D14 /* ProcessAncestry.swift in Sources */ = {isa = PBXBuildFile; fileRef = 90B1D51116CC3AF14C861F8D /* ProcessAncestry.swift */; };
		A5E998FF08B7D4B34E18A935 /* CommandRunner.swift in Sources */ = {isa = PBXBuildFile; fileRef = 34710052A7BD20E13603ACBD /* CommandRunner.swift */; };
		B3EA8740B6D5DE6EBCC91FBD /* FilterController.swift in Sources */ = {isa = PBXBuildFile; fileRef = 8F090A171AE1C35F475B7C2C /* FilterController.swift */; };
		B9BE7EC4A9367BA3C7CF55E3 /* GuardTests.swift in Sources */ = {isa = PBXBuildFile; fileRef = 16DDDC6F8B190FE7DE9F5450 /* GuardTests.swift */; };
		C3EFFA647345F0231FD9A6AD /* PolicyEvidence.swift in Sources */ = {isa = PBXBuildFile; fileRef = 3735A7F817E7484BAE92A9C9 /* PolicyEvidence.swift */; };
		CB11DB9E62859C81682DC71C /* FilterProtocol.swift in Sources */ = {isa = PBXBuildFile; fileRef = 91DD48A342B9002D1BD39436 /* FilterProtocol.swift */; };
		D00F7A3F709E681BC43258C2 /* ProxyTransportConfiguration.swift in Sources */ = {isa = PBXBuildFile; fileRef = 91F14D96DFAA1959AB91E3FD /* ProxyTransportConfiguration.swift */; };
		D46EA32C3750445E050CAD39 /* GuardianTimer.swift in Sources */ = {isa = PBXBuildFile; fileRef = 731E26C87839D6F52BEA34F0 /* GuardianTimer.swift */; };
		D6CE6CE05E445B0AB086060F /* UserGuide.html in Resources */ = {isa = PBXBuildFile; fileRef = C16AEB28B181A5969B6A473B /* UserGuide.html */; };
		D76C904057E6B283136FD63E /* Localization.swift in Sources */ = {isa = PBXBuildFile; fileRef = 11AF7625E4B578F461C9A772 /* Localization.swift */; };
		E077A2AA86462F0608389476 /* RuntimeIdentity.swift in Sources */ = {isa = PBXBuildFile; fileRef = 8731C79D305C8FC05705A446 /* RuntimeIdentity.swift */; };
		E3B182774192E09F165D226D /* AuditToken.c in Sources */ = {isa = PBXBuildFile; fileRef = FD8B5EF49BDB58C7A21A309F /* AuditToken.c */; };
		E47885DDCBF8D6EBAA9F4526 /* ProbeModel.swift in Sources */ = {isa = PBXBuildFile; fileRef = 9A1C1CA92262C10D0F05D97E /* ProbeModel.swift */; };
		F58B0674901F5745E111F3D4 /* RouteRequirements.swift in Sources */ = {isa = PBXBuildFile; fileRef = 7A20208A7A5656DF082C6749 /* RouteRequirements.swift */; };
		FE99DD26244A17328E234FB0 /* UserGuide.en.html in Resources */ = {isa = PBXBuildFile; fileRef = 32A8B885E97E29217D100BEA /* UserGuide.en.html */; };
/* End PBXBuildFile section */

/* Begin PBXContainerItemProxy section */
		BECBFE4E57DD2654178ABE88 /* PBXContainerItemProxy */ = {
			isa = PBXContainerItemProxy;
			containerPortal = 98F54143AB4E86B28C3AFEE0 /* Project object */;
			proxyType = 1;
			remoteGlobalIDString = D418FC35302CB7E0E639187A;
			remoteInfo = Filter;
		};
/* End PBXContainerItemProxy section */

/* Begin PBXCopyFilesBuildPhase section */
		852CB34CB44D396A13747821 /* Embed Filter */ = {
			isa = PBXCopyFilesBuildPhase;
			buildActionMask = 2147483647;
			dstPath = "$(CONTENTS_FOLDER_PATH)/Library/SystemExtensions";
			dstSubfolderSpec = 16;
			files = (
				02B037766766C6DED1BA1735 /* com.leizikang.claude-connection-watcher.filter.systemextension in Embed Filter */,
			);
			name = "Embed Filter";
			runOnlyForDeploymentPostprocessing = 0;
		};
/* End PBXCopyFilesBuildPhase section */

/* Begin PBXFileReference section */
		04E207677EA98814C495ACF4 /* check_scope.py */ = {isa = PBXFileReference; lastKnownFileType = text.script.python; name = check_scope.py; path = scripts/check_scope.py; sourceTree = SOURCE_ROOT; };
		09C2A2982D80675CCEAB18FD /* com.leizikang.claude-connection-watcher.filter.systemextension */ = {isa = PBXFileReference; explicitFileType = "wrapper.system-extension"; includeInIndex = 0; path = "com.leizikang.claude-connection-watcher.filter.systemextension"; sourceTree = BUILT_PRODUCTS_DIR; };
		0CE666DF7DC9A637BB7CE9BE /* publish-release.sh */ = {isa = PBXFileReference; lastKnownFileType = text.script.sh; name = "publish-release.sh"; path = "scripts/publish-release.sh"; sourceTree = SOURCE_ROOT; };
		0EB564C3D478B0915721B57C /* PRD.md */ = {isa = PBXFileReference; lastKnownFileType = net.daringfireball.markdown; name = PRD.md; path = docs/PRD.md; sourceTree = SOURCE_ROOT; };
		11AF7625E4B578F461C9A772 /* Localization.swift */ = {isa = PBXFileReference; lastKnownFileType = sourcecode.swift; name = Localization.swift; path = Sources/Localization.swift; sourceTree = SOURCE_ROOT; };
		16DDDC6F8B190FE7DE9F5450 /* GuardTests.swift */ = {isa = PBXFileReference; lastKnownFileType = sourcecode.swift; name = GuardTests.swift; path = Guard/Tests/GuardTests.swift; sourceTree = SOURCE_ROOT; };
		174FBB6D931783E323A6D75B /* main.swift */ = {isa = PBXFileReference; lastKnownFileType = sourcecode.swift; name = main.swift; path = NetworkFilter/Sources/main.swift; sourceTree = SOURCE_ROOT; };
		1FA9FF446A2B3F0FB8F4C132 /* Watcher.icns */ = {isa = PBXFileReference; lastKnownFileType = image.icns; name = Watcher.icns; path = Resources/Watcher.icns; sourceTree = SOURCE_ROOT; };
		245C2EF2DE896B9CC11DC865 /* fuck-anthropic guard.app */ = {isa = PBXFileReference; explicitFileType = wrapper.application; includeInIndex = 0; path = "fuck-anthropic guard.app"; sourceTree = BUILT_PRODUCTS_DIR; };
		2757B4990068BF4A1E52D35F /* ProcessIdentity.swift */ = {isa = PBXFileReference; lastKnownFileType = sourcecode.swift; name = ProcessIdentity.swift; path = Guard/Shared/ProcessIdentity.swift; sourceTree = SOURCE_ROOT; };
		2E56B57FC1DBA7272CAC9E78 /* main.swift */ = {isa = PBXFileReference; lastKnownFileType = sourcecode.swift; name = main.swift; path = Guard/App/main.swift; sourceTree = SOURCE_ROOT; };
		2EE40D53B253B35677C99294 /* Filter.entitlements */ = {isa = PBXFileReference; lastKnownFileType = text.plist.entitlements; name = Filter.entitlements; path = NetworkFilter/Filter.entitlements; sourceTree = SOURCE_ROOT; };
		32A8B885E97E29217D100BEA /* UserGuide.en.html */ = {isa = PBXFileReference; lastKnownFileType = text.html; name = UserGuide.en.html; path = docs/UserGuide.en.html; sourceTree = SOURCE_ROOT; };
		34710052A7BD20E13603ACBD /* CommandRunner.swift */ = {isa = PBXFileReference; lastKnownFileType = sourcecode.swift; name = CommandRunner.swift; path = Sources/CommandRunner.swift; sourceTree = SOURCE_ROOT; };
		3735A7F817E7484BAE92A9C9 /* PolicyEvidence.swift */ = {isa = PBXFileReference; lastKnownFileType = sourcecode.swift; name = PolicyEvidence.swift; path = Sources/PolicyEvidence.swift; sourceTree = SOURCE_ROOT; };
		43E207513EAA4E515529EAEE /* README.zh-CN.md */ = {isa = PBXFileReference; lastKnownFileType = net.daringfireball.markdown; path = "README.zh-CN.md"; sourceTree = SOURCE_ROOT; };
		48DEBC5E8FDDDF5AFBDAE726 /* GuardProbe.swift */ = {isa = PBXFileReference; lastKnownFileType = sourcecode.swift; name = GuardProbe.swift; path = Guard/App/GuardProbe.swift; sourceTree = SOURCE_ROOT; };
		535177A57DBA731C22CA09AD /* draw-icon.swift */ = {isa = PBXFileReference; lastKnownFileType = sourcecode.swift; name = "draw-icon.swift"; path = "scripts/draw-icon.swift"; sourceTree = SOURCE_ROOT; };
		57E1B87FD73D584468216B9B /* Info.plist */ = {isa = PBXFileReference; lastKnownFileType = text.plist.xml; path = Info.plist; sourceTree = SOURCE_ROOT; };
		5969CC7A5F7331AF5D0BF433 /* AuditToken.h */ = {isa = PBXFileReference; lastKnownFileType = sourcecode.c.h; name = AuditToken.h; path = NetworkFilter/Sources/AuditToken.h; sourceTree = SOURCE_ROOT; };
		601A2F7619FDAA353BFE4045 /* Info.plist */ = {isa = PBXFileReference; lastKnownFileType = text.plist.xml; name = Info.plist; path = NetworkFilter/Info.plist; sourceTree = SOURCE_ROOT; };
		62C729AF4AB8CFA7B5BAD74A /* mach_service_metadata.py */ = {isa = PBXFileReference; lastKnownFileType = text.script.python; name = mach_service_metadata.py; path = scripts/mach_service_metadata.py; sourceTree = SOURCE_ROOT; };
		64D8C1956E23F30196DC2D7A /* Info.plist */ = {isa = PBXFileReference; lastKnownFileType = text.plist.xml; name = Info.plist; path = Preview/Info.plist; sourceTree = SOURCE_ROOT; };
		72C358936A0DFB1D90308632 /* LocalSurgeAuditor.swift */ = {isa = PBXFileReference; lastKnownFileType = sourcecode.swift; name = LocalSurgeAuditor.swift; path = Sources/LocalSurgeAuditor.swift; sourceTree = SOURCE_ROOT; };
		731E26C87839D6F52BEA34F0 /* GuardianTimer.swift */ = {isa = PBXFileReference; lastKnownFileType = sourcecode.swift; name = GuardianTimer.swift; path = Guard/Shared/GuardianTimer.swift; sourceTree = SOURCE_ROOT; };
		7479CB6A1714EE3B72C828DF /* BRANCHES.md */ = {isa = PBXFileReference; lastKnownFileType = net.daringfireball.markdown; name = BRANCHES.md; path = docs/BRANCHES.md; sourceTree = SOURCE_ROOT; };
		7A20208A7A5656DF082C6749 /* RouteRequirements.swift */ = {isa = PBXFileReference; lastKnownFileType = sourcecode.swift; name = RouteRequirements.swift; path = Sources/RouteRequirements.swift; sourceTree = SOURCE_ROOT; };
		8731C79D305C8FC05705A446 /* RuntimeIdentity.swift */ = {isa = PBXFileReference; lastKnownFileType = sourcecode.swift; name = RuntimeIdentity.swift; path = Guard/Shared/RuntimeIdentity.swift; sourceTree = SOURCE_ROOT; };
		89645843278FEB10A77C3254 /* xcode-prepare-metadata.sh */ = {isa = PBXFileReference; lastKnownFileType = text.script.sh; name = "xcode-prepare-metadata.sh"; path = "scripts/xcode-prepare-metadata.sh"; sourceTree = SOURCE_ROOT; };
		8F090A171AE1C35F475B7C2C /* FilterController.swift */ = {isa = PBXFileReference; lastKnownFileType = sourcecode.swift; name = FilterController.swift; path = Sources/FilterController.swift; sourceTree = SOURCE_ROOT; };
		90B1D51116CC3AF14C861F8D /* ProcessAncestry.swift */ = {isa = PBXFileReference; lastKnownFileType = sourcecode.swift; name = ProcessAncestry.swift; path = Sources/ProcessAncestry.swift; sourceTree = SOURCE_ROOT; };
		91DD48A342B9002D1BD39436 /* FilterProtocol.swift */ = {isa = PBXFileReference; lastKnownFileType = sourcecode.swift; name = FilterProtocol.swift; path = Sources/FilterProtocol.swift; sourceTree = SOURCE_ROOT; };
		91F14D96DFAA1959AB91E3FD /* ProxyTransportConfiguration.swift */ = {isa = PBXFileReference; lastKnownFileType = sourcecode.swift; name = ProxyTransportConfiguration.swift; path = Sources/ProxyTransportConfiguration.swift; sourceTree = SOURCE_ROOT; };
		9872A96C648349F24A25280A /* README.md */ = {isa = PBXFileReference; lastKnownFileType = net.daringfireball.markdown; path = README.md; sourceTree = SOURCE_ROOT; };
		9A1C1CA92262C10D0F05D97E /* ProbeModel.swift */ = {isa = PBXFileReference; lastKnownFileType = sourcecode.swift; name = ProbeModel.swift; path = Guard/Shared/ProbeModel.swift; sourceTree = SOURCE_ROOT; };
		9C0AD395B4B6957391EACA63 /* build.sh */ = {isa = PBXFileReference; lastKnownFileType = text.script.sh; name = build.sh; path = scripts/build.sh; sourceTree = SOURCE_ROOT; };
		9E4EFAE484F2F406E555F685 /* PRD.en.md */ = {isa = PBXFileReference; lastKnownFileType = net.daringfireball.markdown; name = PRD.en.md; path = docs/PRD.en.md; sourceTree = SOURCE_ROOT; };
		AA1C85EF845C1A2B36063B37 /* test.sh */ = {isa = PBXFileReference; lastKnownFileType = text.script.sh; name = test.sh; path = scripts/test.sh; sourceTree = SOURCE_ROOT; };
		AD65FC211542B5813F0D9081 /* AppIcon.png */ = {isa = PBXFileReference; lastKnownFileType = image.png; name = AppIcon.png; path = Resources/AppIcon.png; sourceTree = SOURCE_ROOT; };
		BD41FCAFEE396EFE6CF63C3C /* ProcessInventory.swift */ = {isa = PBXFileReference; lastKnownFileType = sourcecode.swift; name = ProcessInventory.swift; path = Sources/ProcessInventory.swift; sourceTree = SOURCE_ROOT; };
		BD9975AE2FD37781A812E525 /* en */ = {isa = PBXFileReference; lastKnownFileType = text.plist.strings; name = en; path = Resources/en.lproj/InfoPlist.strings; sourceTree = SOURCE_ROOT; };
		C16AEB28B181A5969B6A473B /* UserGuide.html */ = {isa = PBXFileReference; lastKnownFileType = text.html; name = UserGuide.html; path = docs/UserGuide.html; sourceTree = SOURCE_ROOT; };
		D24EA15FA4E4C09C8075B09B /* FEATURE-STATUS.md */ = {isa = PBXFileReference; lastKnownFileType = net.daringfireball.markdown; name = "FEATURE-STATUS.md"; path = "docs/FEATURE-STATUS.md"; sourceTree = SOURCE_ROOT; };
		E7FF91CAFB54532265F64EE3 /* fuck-anthropic guard Preview.app */ = {isa = PBXFileReference; explicitFileType = wrapper.application; includeInIndex = 0; path = "fuck-anthropic guard Preview.app"; sourceTree = BUILT_PRODUCTS_DIR; };
		E81E1FA4F6AAF55DFC99CEB7 /* zh-Hans */ = {isa = PBXFileReference; lastKnownFileType = text.plist.strings; name = "zh-Hans"; path = "Resources/zh-Hans.lproj/InfoPlist.strings"; sourceTree = SOURCE_ROOT; };
		F9372CCDF6E58786F053D7F8 /* Host.entitlements */ = {isa = PBXFileReference; lastKnownFileType = text.plist.entitlements; name = Host.entitlements; path = NetworkFilter/Host.entitlements; sourceTree = SOURCE_ROOT; };
		FD8B5EF49BDB58C7A21A309F /* AuditToken.c */ = {isa = PBXFileReference; lastKnownFileType = sourcecode.c.c; name = AuditToken.c; path = NetworkFilter/Sources/AuditToken.c; sourceTree = SOURCE_ROOT; };
/* End PBXFileReference section */

/* Begin PBXFrameworksBuildPhase section */
		067C5AF0BA0978D7B47A8396 /* Frameworks */ = {
			isa = PBXFrameworksBuildPhase;
			buildActionMask = 2147483647;
			files = (
			);
			runOnlyForDeploymentPostprocessing = 0;
		};
		4683C38DD1721CE74C3FAAE3 /* Frameworks */ = {
			isa = PBXFrameworksBuildPhase;
			buildActionMask = 2147483647;
			files = (
			);
			runOnlyForDeploymentPostprocessing = 0;
		};
		8B244F9CA8C2B15B18F6E0C1 /* Frameworks */ = {
			isa = PBXFrameworksBuildPhase;
			buildActionMask = 2147483647;
			files = (
			);
			runOnlyForDeploymentPostprocessing = 0;
		};
/* End PBXFrameworksBuildPhase section */

/* Begin PBXGroup section */
		12853515D019BF4D011A3825 /* Tests */ = {
			isa = PBXGroup;
			children = (
				16DDDC6F8B190FE7DE9F5450 /* GuardTests.swift */,
			);
			name = Tests;
			sourceTree = "<group>";
		};
		1EE01EF83452B999CAD37D3E /* Preview */ = {
			isa = PBXGroup;
			children = (
				64D8C1956E23F30196DC2D7A /* Info.plist */,
			);
			name = Preview;
			sourceTree = "<group>";
		};
		238299E62837A696C5554E11 /* Resources */ = {
			isa = PBXGroup;
			children = (
				1FA9FF446A2B3F0FB8F4C132 /* Watcher.icns */,
				AD65FC211542B5813F0D9081 /* AppIcon.png */,
				56D304A5CC7328DACEDC8DB5 /* InfoPlist.strings */,
			);
			name = Resources;
			sourceTree = "<group>";
		};
		2ADD8E911BC4DA98B753D265 /* Documentation */ = {
			isa = PBXGroup;
			children = (
				9872A96C648349F24A25280A /* README.md */,
				43E207513EAA4E515529EAEE /* README.zh-CN.md */,
				C16AEB28B181A5969B6A473B /* UserGuide.html */,
				32A8B885E97E29217D100BEA /* UserGuide.en.html */,
				0EB564C3D478B0915721B57C /* PRD.md */,
				9E4EFAE484F2F406E555F685 /* PRD.en.md */,
				D24EA15FA4E4C09C8075B09B /* FEATURE-STATUS.md */,
				7479CB6A1714EE3B72C828DF /* BRANCHES.md */,
			);
			name = Documentation;
			sourceTree = "<group>";
		};
		34CFF0EECDC7E3827845CD30 /* Core */ = {
			isa = PBXGroup;
			children = (
				C951CA0EE53E3FF5C7CD020E /* Identity & Processes */,
				9390704AEDE5D46B6E93485F /* Surge & Policy */,
				4A93DB56150C7F91A6A9F4EA /* Utilities */,
			);
			name = Core;
			sourceTree = "<group>";
		};
		4A93DB56150C7F91A6A9F4EA /* Utilities */ = {
			isa = PBXGroup;
			children = (
				11AF7625E4B578F461C9A772 /* Localization.swift */,
				34710052A7BD20E13603ACBD /* CommandRunner.swift */,
				731E26C87839D6F52BEA34F0 /* GuardianTimer.swift */,
				9A1C1CA92262C10D0F05D97E /* ProbeModel.swift */,
			);
			name = Utilities;
			sourceTree = "<group>";
		};
		9390704AEDE5D46B6E93485F /* Surge & Policy */ = {
			isa = PBXGroup;
			children = (
				8F090A171AE1C35F475B7C2C /* FilterController.swift */,
				72C358936A0DFB1D90308632 /* LocalSurgeAuditor.swift */,
				3735A7F817E7484BAE92A9C9 /* PolicyEvidence.swift */,
				7A20208A7A5656DF082C6749 /* RouteRequirements.swift */,
				91F14D96DFAA1959AB91E3FD /* ProxyTransportConfiguration.swift */,
				91DD48A342B9002D1BD39436 /* FilterProtocol.swift */,
			);
			name = "Surge & Policy";
			sourceTree = "<group>";
		};
		C951CA0EE53E3FF5C7CD020E /* Identity & Processes */ = {
			isa = PBXGroup;
			children = (
				2757B4990068BF4A1E52D35F /* ProcessIdentity.swift */,
				8731C79D305C8FC05705A446 /* RuntimeIdentity.swift */,
				BD41FCAFEE396EFE6CF63C3C /* ProcessInventory.swift */,
				90B1D51116CC3AF14C861F8D /* ProcessAncestry.swift */,
			);
			name = "Identity & Processes";
			sourceTree = "<group>";
		};
		E50290A24C49A459B43487C5 = {
			isa = PBXGroup;
			children = (
				FBDCFAF7B03910000FF0B13D /* App */,
				34CFF0EECDC7E3827845CD30 /* Core */,
				F253F9C41055E74A671AE430 /* Network Filter */,
				1EE01EF83452B999CAD37D3E /* Preview */,
				12853515D019BF4D011A3825 /* Tests */,
				238299E62837A696C5554E11 /* Resources */,
				2ADD8E911BC4DA98B753D265 /* Documentation */,
				FC1B34BF0A78F9AE15B6702F /* Build & Release */,
				FBDC4F23F93125BBEEAE800C /* Products */,
			);
			sourceTree = "<group>";
		};
		F253F9C41055E74A671AE430 /* Network Filter */ = {
			isa = PBXGroup;
			children = (
				174FBB6D931783E323A6D75B /* main.swift */,
				FD8B5EF49BDB58C7A21A309F /* AuditToken.c */,
				5969CC7A5F7331AF5D0BF433 /* AuditToken.h */,
				601A2F7619FDAA353BFE4045 /* Info.plist */,
				F9372CCDF6E58786F053D7F8 /* Host.entitlements */,
				2EE40D53B253B35677C99294 /* Filter.entitlements */,
			);
			name = "Network Filter";
			sourceTree = "<group>";
		};
		FBDC4F23F93125BBEEAE800C /* Products */ = {
			isa = PBXGroup;
			children = (
				E7FF91CAFB54532265F64EE3 /* fuck-anthropic guard Preview.app */,
				09C2A2982D80675CCEAB18FD /* com.leizikang.claude-connection-watcher.filter.systemextension */,
				245C2EF2DE896B9CC11DC865 /* fuck-anthropic guard.app */,
			);
			name = Products;
			sourceTree = "<group>";
		};
		FBDCFAF7B03910000FF0B13D /* App */ = {
			isa = PBXGroup;
			children = (
				2E56B57FC1DBA7272CAC9E78 /* main.swift */,
				48DEBC5E8FDDDF5AFBDAE726 /* GuardProbe.swift */,
				57E1B87FD73D584468216B9B /* Info.plist */,
			);
			name = App;
			sourceTree = "<group>";
		};
		FC1B34BF0A78F9AE15B6702F /* Build & Release */ = {
			isa = PBXGroup;
			children = (
				9C0AD395B4B6957391EACA63 /* build.sh */,
				AA1C85EF845C1A2B36063B37 /* test.sh */,
				0CE666DF7DC9A637BB7CE9BE /* publish-release.sh */,
				04E207677EA98814C495ACF4 /* check_scope.py */,
				89645843278FEB10A77C3254 /* xcode-prepare-metadata.sh */,
				62C729AF4AB8CFA7B5BAD74A /* mach_service_metadata.py */,
				535177A57DBA731C22CA09AD /* draw-icon.swift */,
			);
			name = "Build & Release";
			sourceTree = "<group>";
		};
/* End PBXGroup section */

/* Begin PBXNativeTarget section */
		460F3CA3D9F3D56E6830BA63 /* Preview */ = {
			isa = PBXNativeTarget;
			buildConfigurationList = F37A572A30B46B6263B9B656 /* Build configuration list for PBXNativeTarget "Preview" */;
			buildPhases = (
				B8C4571A2CD606BD925EF2ED /* Sources */,
				4683C38DD1721CE74C3FAAE3 /* Frameworks */,
				EDB72443B651978302BA1F11 /* Resources */,
			);
			buildRules = (
			);
			dependencies = (
			);
			name = Preview;
			productName = "fuck-anthropic guard Preview";
			productReference = E7FF91CAFB54532265F64EE3 /* fuck-anthropic guard Preview.app */;
			productType = "com.apple.product-type.application";
		};
		D418FC35302CB7E0E639187A /* Filter */ = {
			isa = PBXNativeTarget;
			buildConfigurationList = 3228CBBD1470DA4D96BB6031 /* Build configuration list for PBXNativeTarget "Filter" */;
			buildPhases = (
				D4F47848D08864B49BE56A85 /* Prepare versioned Mach metadata */,
				44EF9C912F66E2760C4ACB0E /* Sources */,
				067C5AF0BA0978D7B47A8396 /* Frameworks */,
				037B39F692E7BFDF0F109291 /* Resources */,
			);
			buildRules = (
			);
			dependencies = (
			);
			name = Filter;
			productName = "com.leizikang.claude-connection-watcher.filter";
			productReference = 09C2A2982D80675CCEAB18FD /* com.leizikang.claude-connection-watcher.filter.systemextension */;
			productType = "com.apple.product-type.system-extension";
		};
		EB1D256CD02EB80CBDA1D98F /* Watcher */ = {
			isa = PBXNativeTarget;
			buildConfigurationList = B3B9D39EF28D2A24A20856FC /* Build configuration list for PBXNativeTarget "Watcher" */;
			buildPhases = (
				D2B0EC2BD28626DA704FF9EA /* Prepare versioned Mach metadata */,
				CAA56CD26120BDE7637B0177 /* Sources */,
				8B244F9CA8C2B15B18F6E0C1 /* Frameworks */,
				4DDCD85876C3B131CE70E31C /* Resources */,
				852CB34CB44D396A13747821 /* Embed Filter */,
				6EDB694E9593A684B6C9DED4 /* Validate embedded versioned metadata */,
			);
			buildRules = (
			);
			dependencies = (
				86029424A8614A5A67F9988C /* PBXTargetDependency */,
			);
			name = Watcher;
			productName = "fuck-anthropic guard";
			productReference = 245C2EF2DE896B9CC11DC865 /* fuck-anthropic guard.app */;
			productType = "com.apple.product-type.application";
		};
/* End PBXNativeTarget section */

/* Begin PBXProject section */
		98F54143AB4E86B28C3AFEE0 /* Project object */ = {
			isa = PBXProject;
			attributes = {
				BuildIndependentTargetsInParallel = YES;
				LastUpgradeCheck = 2700;
			};
			buildConfigurationList = 9A306D578D83D1E0821F2E35 /* Build configuration list for PBXProject "ClaudeConnectionWatcher" */;
			compatibilityVersion = "Xcode 14.0";
			developmentRegion = en;
			hasScannedForEncodings = 0;
			knownRegions = (
				en,
				Base,
				"zh-Hans",
			);
			mainGroup = E50290A24C49A459B43487C5;
			productRefGroup = FBDC4F23F93125BBEEAE800C /* Products */;
			projectDirPath = "";
			projectRoot = "";
			targets = (
				460F3CA3D9F3D56E6830BA63 /* Preview */,
				EB1D256CD02EB80CBDA1D98F /* Watcher */,
				D418FC35302CB7E0E639187A /* Filter */,
			);
		};
/* End PBXProject section */

/* Begin PBXResourcesBuildPhase section */
		037B39F692E7BFDF0F109291 /* Resources */ = {
			isa = PBXResourcesBuildPhase;
			buildActionMask = 2147483647;
			files = (
				86366282910C1F3D546DBA56 /* InfoPlist.strings in Resources */,
			);
			runOnlyForDeploymentPostprocessing = 0;
		};
		4DDCD85876C3B131CE70E31C /* Resources */ = {
			isa = PBXResourcesBuildPhase;
			buildActionMask = 2147483647;
			files = (
				6587D8BCA2641750C8729129 /* Watcher.icns in Resources */,
				4F469B8C3E2A303101C25329 /* UserGuide.html in Resources */,
				101F83E89899977A3D6CB9D6 /* InfoPlist.strings in Resources */,
				FE99DD26244A17328E234FB0 /* UserGuide.en.html in Resources */,
			);
			runOnlyForDeploymentPostprocessing = 0;
		};
		EDB72443B651978302BA1F11 /* Resources */ = {
			isa = PBXResourcesBuildPhase;
			buildActionMask = 2147483647;
			files = (
				13BFCF4A77A0B2A2CB4D7689 /* Watcher.icns in Resources */,
				D6CE6CE05E445B0AB086060F /* UserGuide.html in Resources */,
				771770482261BF7B3F8B43D1 /* InfoPlist.strings in Resources */,
				57209DAA3D868B3B33AE9847 /* UserGuide.en.html in Resources */,
			);
			runOnlyForDeploymentPostprocessing = 0;
		};
/* End PBXResourcesBuildPhase section */

/* Begin PBXShellScriptBuildPhase section */
		6EDB694E9593A684B6C9DED4 /* Validate embedded versioned metadata */ = {
			isa = PBXShellScriptBuildPhase;
			alwaysOutOfDate = 1;
			buildActionMask = 2147483647;
			files = (
			);
			inputPaths = (
				"$(TARGET_BUILD_DIR)/$(INFOPLIST_PATH)",
				"$(TARGET_BUILD_DIR)/$(CONTENTS_FOLDER_PATH)/Library/SystemExtensions/com.leizikang.claude-connection-watcher.filter.systemextension/Contents/Info.plist",
			);
			name = "Validate embedded versioned metadata";
			outputPaths = (
			);
			runOnlyForDeploymentPostprocessing = 0;
			shellPath = /bin/sh;
			shellScript = "if [ -x /opt/homebrew/bin/python3 ]; then p=/opt/homebrew/bin/python3; else p=/usr/bin/python3; fi\n\"$p\" \"$SRCROOT/scripts/check_system_extension_metadata.py\" \"$TARGET_BUILD_DIR/$CONTENTS_FOLDER_PATH/Library/SystemExtensions/com.leizikang.claude-connection-watcher.filter.systemextension/Contents/Info.plist\" --host \"$TARGET_BUILD_DIR/$INFOPLIST_PATH\"\n";
		};
		D2B0EC2BD28626DA704FF9EA /* Prepare versioned Mach metadata */ = {
			isa = PBXShellScriptBuildPhase;
			buildActionMask = 2147483647;
			files = (
			);
			inputPaths = (
				"$(SRCROOT)/Info.plist",
				"$(SRCROOT)/NetworkFilter/Info.plist",
				"$(SRCROOT)/scripts/xcode-prepare-metadata.sh",
				"$(SRCROOT)/scripts/mach_service_metadata.py",
				"$(SRCROOT)/scripts/check_system_extension_metadata.py",
			);
			name = "Prepare versioned Mach metadata";
			outputPaths = (
				"$(DERIVED_FILE_DIR)/WatcherHost-Info.plist",
			);
			runOnlyForDeploymentPostprocessing = 0;
			shellPath = /bin/sh;
			shellScript = "/bin/sh \"$SRCROOT/scripts/xcode-prepare-metadata.sh\" host \"$DERIVED_FILE_DIR/WatcherHost-Info.plist\"\n";
		};
		D4F47848D08864B49BE56A85 /* Prepare versioned Mach metadata */ = {
			isa = PBXShellScriptBuildPhase;
			buildActionMask = 2147483647;
			files = (
			);
			inputPaths = (
				"$(SRCROOT)/Info.plist",
				"$(SRCROOT)/NetworkFilter/Info.plist",
				"$(SRCROOT)/scripts/xcode-prepare-metadata.sh",
				"$(SRCROOT)/scripts/mach_service_metadata.py",
				"$(SRCROOT)/scripts/check_system_extension_metadata.py",
			);
			name = "Prepare versioned Mach metadata";
			outputPaths = (
				"$(DERIVED_FILE_DIR)/WatcherProvider-Info.plist",
				"$(DERIVED_FILE_DIR)/HostMetadata.plist",
			);
			runOnlyForDeploymentPostprocessing = 0;
			shellPath = /bin/sh;
			shellScript = "/bin/sh \"$SRCROOT/scripts/xcode-prepare-metadata.sh\" provider \"$DERIVED_FILE_DIR/WatcherProvider-Info.plist\"\n";
		};
/* End PBXShellScriptBuildPhase section */

/* Begin PBXSourcesBuildPhase section */
		44EF9C912F66E2760C4ACB0E /* Sources */ = {
			isa = PBXSourcesBuildPhase;
			buildActionMask = 2147483647;
			files = (
				D76C904057E6B283136FD63E /* Localization.swift in Sources */,
				661E5258B7FC3A0417BEF9F9 /* FilterProtocol.swift in Sources */,
				8AC27DD156F887553F69F5B8 /* RouteRequirements.swift in Sources */,
				1F5D77DA2DDBEBBB32234B48 /* PolicyEvidence.swift in Sources */,
				9D1B915B354C950247231D14 /* ProcessAncestry.swift in Sources */,
				64634DF7094E4A2EE335E5C3 /* ProcessIdentity.swift in Sources */,
				31C3E99EEBB144B7CBA78350 /* ProbeModel.swift in Sources */,
				D46EA32C3750445E050CAD39 /* GuardianTimer.swift in Sources */,
				67D923B459D7F6099078C1AC /* RuntimeIdentity.swift in Sources */,
				3C5590504670AC69BED80A8A /* main.swift in Sources */,
				8C6BB0E6ED936B744CF20978 /* AuditToken.c in Sources */,
			);
			runOnlyForDeploymentPostprocessing = 0;
		};
		B8C4571A2CD606BD925EF2ED /* Sources */ = {
			isa = PBXSourcesBuildPhase;
			buildActionMask = 2147483647;
			files = (
				127B53D3360F872DD9E4AED0 /* Localization.swift in Sources */,
				4BA337E4B280B498B2111F02 /* FilterProtocol.swift in Sources */,
				F58B0674901F5745E111F3D4 /* RouteRequirements.swift in Sources */,
				3C53B592B46CEA67EE28E111 /* PolicyEvidence.swift in Sources */,
				6E9D889640D71577309F44C0 /* ProcessAncestry.swift in Sources */,
				6CAF7C8E317733F787C93316 /* ProcessIdentity.swift in Sources */,
				17D86A8EE8439A9E5E02C7E4 /* ProbeModel.swift in Sources */,
				70376A218C52C6EC7B7C6B8F /* GuardianTimer.swift in Sources */,
				5DA48EC240C18E723172F9CA /* main.swift in Sources */,
				31348B994F0C2D066BA48F96 /* GuardTests.swift in Sources */,
			);
			runOnlyForDeploymentPostprocessing = 0;
		};
		CAA56CD26120BDE7637B0177 /* Sources */ = {
			isa = PBXSourcesBuildPhase;
			buildActionMask = 2147483647;
			files = (
				9105F1E029E6B37E36CDEF3C /* Localization.swift in Sources */,
				CB11DB9E62859C81682DC71C /* FilterProtocol.swift in Sources */,
				87692D0BFDB104880158065F /* RouteRequirements.swift in Sources */,
				C3EFFA647345F0231FD9A6AD /* PolicyEvidence.swift in Sources */,
				5E733438DE97889D4B0ABFE8 /* ProcessAncestry.swift in Sources */,
				5F3DBBB360FE042D0B663D18 /* ProcessIdentity.swift in Sources */,
				E47885DDCBF8D6EBAA9F4526 /* ProbeModel.swift in Sources */,
				89719D36998C63469266C918 /* GuardianTimer.swift in Sources */,
				45618B01E2545228A81BB656 /* main.swift in Sources */,
				B9BE7EC4A9367BA3C7CF55E3 /* GuardTests.swift in Sources */,
				E077A2AA86462F0608389476 /* RuntimeIdentity.swift in Sources */,
				A5E998FF08B7D4B34E18A935 /* CommandRunner.swift in Sources */,
				59F813DF2C7CD89EF84D1E43 /* ProcessInventory.swift in Sources */,
				0C8CC7BD53FE0DC985FA0206 /* LocalSurgeAuditor.swift in Sources */,
				B3EA8740B6D5DE6EBCC91FBD /* FilterController.swift in Sources */,
				D00F7A3F709E681BC43258C2 /* ProxyTransportConfiguration.swift in Sources */,
				431BF3E91E6AE59828D6F1F9 /* GuardProbe.swift in Sources */,
				E3B182774192E09F165D226D /* AuditToken.c in Sources */,
			);
			runOnlyForDeploymentPostprocessing = 0;
		};
/* End PBXSourcesBuildPhase section */

/* Begin PBXTargetDependency section */
		86029424A8614A5A67F9988C /* PBXTargetDependency */ = {
			isa = PBXTargetDependency;
			target = D418FC35302CB7E0E639187A /* Filter */;
			targetProxy = BECBFE4E57DD2654178ABE88 /* PBXContainerItemProxy */;
		};
/* End PBXTargetDependency section */

/* Begin PBXVariantGroup section */
		56D304A5CC7328DACEDC8DB5 /* InfoPlist.strings */ = {
			isa = PBXVariantGroup;
			children = (
				BD9975AE2FD37781A812E525 /* en */,
				E81E1FA4F6AAF55DFC99CEB7 /* zh-Hans */,
			);
			name = InfoPlist.strings;
			sourceTree = "<group>";
		};
/* End PBXVariantGroup section */

/* Begin XCBuildConfiguration section */
		04767854FB4CC9AF495F7643 /* Release */ = {
			isa = XCBuildConfiguration;
			buildSettings = {
				CLANG_ENABLE_MODULES = YES;
				CODE_SIGNING_ALLOWED = NO;
				CODE_SIGNING_REQUIRED = NO;
				CODE_SIGN_IDENTITY = "";
				DEBUG_INFORMATION_FORMAT = dwarf;
				ENABLE_DEBUG_DYLIB = NO;
				ENABLE_HARDENED_RUNTIME = YES;
				ENABLE_USER_SCRIPT_SANDBOXING = NO;
				EXECUTABLE_NAME = ClaudeConnectionWatcher;
				GENERATE_INFOPLIST_FILE = NO;
				INFOPLIST_FILE = "$(DERIVED_FILE_DIR)/WatcherHost-Info.plist";
				MACOSX_DEPLOYMENT_TARGET = 14.0;
				OTHER_LDFLAGS = (
					"$(inherited)",
					"-lbsm",
				);
				PRODUCT_BUNDLE_IDENTIFIER = "com.leizikang.claude-connection-watcher";
				PRODUCT_MODULE_NAME = ClaudeConnectionWatcher;
				PRODUCT_NAME = "fuck-anthropic guard";
				SDKROOT = macosx;
				SKIP_INSTALL = YES;
				SUPPORTED_PLATFORMS = macosx;
				SWIFT_ACTIVE_COMPILATION_CONDITIONS = "$(inherited)";
				SWIFT_EMIT_LOC_STRINGS = NO;
				SWIFT_INSTALL_OBJC_HEADER = NO;
				SWIFT_OBJC_BRIDGING_HEADER = "$(SRCROOT)/NetworkFilter/Sources/AuditToken.h";
				SWIFT_OPTIMIZATION_LEVEL = "-O";
				SWIFT_VERSION = 5.0;
			};
			name = Release;
		};
		23C4CBE53C0C4D5217DC7DC0 /* Debug */ = {
			isa = XCBuildConfiguration;
			buildSettings = {
				CLANG_ENABLE_MODULES = YES;
				CODE_SIGNING_ALLOWED = NO;
				CODE_SIGNING_REQUIRED = NO;
				CODE_SIGN_IDENTITY = "";
				DEBUG_INFORMATION_FORMAT = dwarf;
				ENABLE_DEBUG_DYLIB = NO;
				ENABLE_HARDENED_RUNTIME = YES;
				ENABLE_USER_SCRIPT_SANDBOXING = NO;
				EXECUTABLE_NAME = ClaudeConnectionWatcher;
				GENERATE_INFOPLIST_FILE = NO;
				INFOPLIST_FILE = "$(DERIVED_FILE_DIR)/WatcherHost-Info.plist";
				MACOSX_DEPLOYMENT_TARGET = 14.0;
				OTHER_LDFLAGS = (
					"$(inherited)",
					"-lbsm",
				);
				PRODUCT_BUNDLE_IDENTIFIER = "com.leizikang.claude-connection-watcher";
				PRODUCT_MODULE_NAME = ClaudeConnectionWatcher;
				PRODUCT_NAME = "fuck-anthropic guard";
				SDKROOT = macosx;
				SKIP_INSTALL = YES;
				SUPPORTED_PLATFORMS = macosx;
				SWIFT_ACTIVE_COMPILATION_CONDITIONS = "$(inherited)";
				SWIFT_EMIT_LOC_STRINGS = NO;
				SWIFT_INSTALL_OBJC_HEADER = NO;
				SWIFT_OBJC_BRIDGING_HEADER = "$(SRCROOT)/NetworkFilter/Sources/AuditToken.h";
				SWIFT_OPTIMIZATION_LEVEL = "-Onone";
				SWIFT_VERSION = 5.0;
			};
			name = Debug;
		};
		38F03FCBDACA10AAD4143C88 /* Release */ = {
			isa = XCBuildConfiguration;
			buildSettings = {
				CODE_SIGNING_ALLOWED = NO;
				MACOSX_DEPLOYMENT_TARGET = 13.0;
				SDKROOT = macosx;
				SWIFT_OPTIMIZATION_LEVEL = "-O";
				SWIFT_VERSION = 5.0;
			};
			name = Release;
		};
		50CDAB6A2460378696FAA036 /* Debug */ = {
			isa = XCBuildConfiguration;
			buildSettings = {
				CLANG_ENABLE_MODULES = YES;
				CODE_SIGNING_ALLOWED = NO;
				CODE_SIGNING_REQUIRED = NO;
				CODE_SIGN_IDENTITY = "";
				DEBUG_INFORMATION_FORMAT = dwarf;
				ENABLE_HARDENED_RUNTIME = YES;
				ENABLE_USER_SCRIPT_SANDBOXING = NO;
				EXECUTABLE_NAME = CCWPreview;
				GENERATE_INFOPLIST_FILE = NO;
				INFOPLIST_FILE = Preview/Info.plist;
				MACOSX_DEPLOYMENT_TARGET = 14.0;
				PRODUCT_BUNDLE_IDENTIFIER = "com.leizikang.claude-connection-watcher.preview";
				PRODUCT_MODULE_NAME = CCWPreview;
				PRODUCT_NAME = "fuck-anthropic guard Preview";
				SDKROOT = macosx;
				SKIP_INSTALL = YES;
				SUPPORTED_PLATFORMS = macosx;
				SWIFT_ACTIVE_COMPILATION_CONDITIONS = "$(inherited) CCW_PREVIEW";
				SWIFT_EMIT_LOC_STRINGS = NO;
				SWIFT_INSTALL_OBJC_HEADER = NO;
				SWIFT_OPTIMIZATION_LEVEL = "-Onone";
				SWIFT_VERSION = 5.0;
			};
			name = Debug;
		};
		5E943A6B292450981352A3CA /* Debug */ = {
			isa = XCBuildConfiguration;
			buildSettings = {
				CLANG_ENABLE_MODULES = YES;
				CODE_SIGNING_ALLOWED = NO;
				CODE_SIGNING_REQUIRED = NO;
				CODE_SIGN_IDENTITY = "";
				DEBUG_INFORMATION_FORMAT = dwarf;
				ENABLE_HARDENED_RUNTIME = YES;
				ENABLE_USER_SCRIPT_SANDBOXING = NO;
				EXECUTABLE_NAME = ClaudeConnectionFilter;
				GENERATE_INFOPLIST_FILE = NO;
				INFOPLIST_FILE = "$(DERIVED_FILE_DIR)/WatcherProvider-Info.plist";
				MACH_O_TYPE = mh_execute;
				MACOSX_DEPLOYMENT_TARGET = 14.0;
				OTHER_LDFLAGS = (
					"$(inherited)",
					"-lbsm",
				);
				PRODUCT_BUNDLE_IDENTIFIER = "com.leizikang.claude-connection-watcher.filter";
				PRODUCT_MODULE_NAME = ClaudeConnectionFilter;
				PRODUCT_NAME = "com.leizikang.claude-connection-watcher.filter";
				SDKROOT = macosx;
				SKIP_INSTALL = YES;
				SUPPORTED_PLATFORMS = macosx;
				SWIFT_ACTIVE_COMPILATION_CONDITIONS = "$(inherited)";
				SWIFT_EMIT_LOC_STRINGS = NO;
				SWIFT_INSTALL_OBJC_HEADER = NO;
				SWIFT_OBJC_BRIDGING_HEADER = "$(SRCROOT)/NetworkFilter/Sources/AuditToken.h";
				SWIFT_OPTIMIZATION_LEVEL = "-Onone";
				SWIFT_VERSION = 5.0;
				WRAPPER_EXTENSION = systemextension;
			};
			name = Debug;
		};
		624EABDCF7E994AA6C5FAE5F /* Release */ = {
			isa = XCBuildConfiguration;
			buildSettings = {
				CLANG_ENABLE_MODULES = YES;
				CODE_SIGNING_ALLOWED = NO;
				CODE_SIGNING_REQUIRED = NO;
				CODE_SIGN_IDENTITY = "";
				DEBUG_INFORMATION_FORMAT = dwarf;
				ENABLE_HARDENED_RUNTIME = YES;
				ENABLE_USER_SCRIPT_SANDBOXING = NO;
				EXECUTABLE_NAME = CCWPreview;
				GENERATE_INFOPLIST_FILE = NO;
				INFOPLIST_FILE = Preview/Info.plist;
				MACOSX_DEPLOYMENT_TARGET = 14.0;
				PRODUCT_BUNDLE_IDENTIFIER = "com.leizikang.claude-connection-watcher.preview";
				PRODUCT_MODULE_NAME = CCWPreview;
				PRODUCT_NAME = "fuck-anthropic guard Preview";
				SDKROOT = macosx;
				SKIP_INSTALL = YES;
				SUPPORTED_PLATFORMS = macosx;
				SWIFT_ACTIVE_COMPILATION_CONDITIONS = "$(inherited) CCW_PREVIEW";
				SWIFT_EMIT_LOC_STRINGS = NO;
				SWIFT_INSTALL_OBJC_HEADER = NO;
				SWIFT_OPTIMIZATION_LEVEL = "-O";
				SWIFT_VERSION = 5.0;
			};
			name = Release;
		};
		941798AECA264FECE6B7C45D /* Debug */ = {
			isa = XCBuildConfiguration;
			buildSettings = {
				CODE_SIGNING_ALLOWED = NO;
				MACOSX_DEPLOYMENT_TARGET = 13.0;
				SDKROOT = macosx;
				SWIFT_VERSION = 5.0;
			};
			name = Debug;
		};
		D284BCED848A89CBC02CA8CA /* Release */ = {
			isa = XCBuildConfiguration;
			buildSettings = {
				CLANG_ENABLE_MODULES = YES;
				CODE_SIGNING_ALLOWED = NO;
				CODE_SIGNING_REQUIRED = NO;
				CODE_SIGN_IDENTITY = "";
				DEBUG_INFORMATION_FORMAT = dwarf;
				ENABLE_HARDENED_RUNTIME = YES;
				ENABLE_USER_SCRIPT_SANDBOXING = NO;
				EXECUTABLE_NAME = ClaudeConnectionFilter;
				GENERATE_INFOPLIST_FILE = NO;
				INFOPLIST_FILE = "$(DERIVED_FILE_DIR)/WatcherProvider-Info.plist";
				MACH_O_TYPE = mh_execute;
				MACOSX_DEPLOYMENT_TARGET = 14.0;
				OTHER_LDFLAGS = (
					"$(inherited)",
					"-lbsm",
				);
				PRODUCT_BUNDLE_IDENTIFIER = "com.leizikang.claude-connection-watcher.filter";
				PRODUCT_MODULE_NAME = ClaudeConnectionFilter;
				PRODUCT_NAME = "com.leizikang.claude-connection-watcher.filter";
				SDKROOT = macosx;
				SKIP_INSTALL = YES;
				SUPPORTED_PLATFORMS = macosx;
				SWIFT_ACTIVE_COMPILATION_CONDITIONS = "$(inherited)";
				SWIFT_EMIT_LOC_STRINGS = NO;
				SWIFT_INSTALL_OBJC_HEADER = NO;
				SWIFT_OBJC_BRIDGING_HEADER = "$(SRCROOT)/NetworkFilter/Sources/AuditToken.h";
				SWIFT_OPTIMIZATION_LEVEL = "-O";
				SWIFT_VERSION = 5.0;
				WRAPPER_EXTENSION = systemextension;
			};
			name = Release;
		};
/* End XCBuildConfiguration section */

/* Begin XCConfigurationList section */
		3228CBBD1470DA4D96BB6031 /* Build configuration list for PBXNativeTarget "Filter" */ = {
			isa = XCConfigurationList;
			buildConfigurations = (
				5E943A6B292450981352A3CA /* Debug */,
				D284BCED848A89CBC02CA8CA /* Release */,
			);
			defaultConfigurationIsVisible = 0;
			defaultConfigurationName = Debug;
		};
		9A306D578D83D1E0821F2E35 /* Build configuration list for PBXProject "ClaudeConnectionWatcher" */ = {
			isa = XCConfigurationList;
			buildConfigurations = (
				941798AECA264FECE6B7C45D /* Debug */,
				38F03FCBDACA10AAD4143C88 /* Release */,
			);
			defaultConfigurationIsVisible = 0;
			defaultConfigurationName = Debug;
		};
		B3B9D39EF28D2A24A20856FC /* Build configuration list for PBXNativeTarget "Watcher" */ = {
			isa = XCConfigurationList;
			buildConfigurations = (
				23C4CBE53C0C4D5217DC7DC0 /* Debug */,
				04767854FB4CC9AF495F7643 /* Release */,
			);
			defaultConfigurationIsVisible = 0;
			defaultConfigurationName = Debug;
		};
		F37A572A30B46B6263B9B656 /* Build configuration list for PBXNativeTarget "Preview" */ = {
			isa = XCConfigurationList;
			buildConfigurations = (
				50CDAB6A2460378696FAA036 /* Debug */,
				624EABDCF7E994AA6C5FAE5F /* Release */,
			);
			defaultConfigurationIsVisible = 0;
			defaultConfigurationName = Debug;
		};
/* End XCConfigurationList section */
	};
	rootObject = 98F54143AB4E86B28C3AFEE0 /* Project object */;
}
